
Microsoft Visual Studio Solution File, Format Version 12.00
Project("{FAE04EC0-301F-11D3-BF4B-00C04F79EFBC}") = "Niis", "Niis.csproj", "{D185A1A8-3711-4959-8C71-EF28AED4EB63}"
EndProject
Global
	GlobalSection(SolutionConfigurationPlatforms) = preSolution
		Debug|Any CPU = Debug|Any CPU
		Release|Any CPU = Release|Any CPU
	EndGlobalSection
	GlobalSection(ProjectConfigurationPlatforms) = postSolution
		{D185A1A8-3711-4959-8C71-EF28AED4EB63}.Debug|Any CPU.ActiveCfg = Debug|Any CPU
		{D185A1A8-3711-4959-8C71-EF28AED4EB63}.Debug|Any CPU.Build.0 = Debug|Any CPU
		{D185A1A8-3711-4959-8C71-EF28AED4EB63}.Release|Any CPU.ActiveCfg = Release|Any CPU
		{D185A1A8-3711-4959-8C71-EF28AED4EB63}.Release|Any CPU.Build.0 = Release|Any CPU
	EndGlobalSection
EndGlobal
